# This file is autogenerated, do not edit; changes may be undone by the next 'dep ensure'.


[[projects]]
  digest = "1:dba68f7bbe24869618a68a59d21e8df281430aa38aaf6179aca3ae33e46ff328"
  name = "cloud.google.com/go"
  packages = [
    "compute/metadata",
    "iam",
    "internal",
    "internal/optional",
    "internal/version",
    "storage",
    "trace/apiv1",
  ]
  pruneopts = ""
  revision = "2d3a6656c17a60b0815b7e06ab0be04eacb6e613"
  version = "v0.16.0"

[[projects]]
  digest = "1:27225d855b839ce9c20e1a2291e4447f744effb952f9eb69ef1a313bf7acb458"
  name = "contrib.go.opencensus.io/exporter/stackdriver"
  packages = ["propagation"]
  pruneopts = ""
  revision = "2b93072101d466aa4120b3c23c2e1b08af01541c"
  version = "v0.6.0"

[[projects]]
  digest = "1:6f302284bb48712a01cdcd3216e8bbb293d1edb618f55b5fe7f92521cce930c7"
  name = "github.com/Azure/azure-pipeline-go"
  packages = ["pipeline"]
  pruneopts = ""
  revision = "7571e8eb0876932ab505918ff7ed5107773e5ee2"
  version = "0.1.7"

[[projects]]
  digest = "1:5da4d3b3b9949b9043d2fd36c4ff9b208f72ad5260a3dcb6f94267a769ee1899"
  name = "github.com/Azure/azure-storage-blob-go"
  packages = ["azblob"]
  pruneopts = ""
  revision = ""
  version = "0.3.0"

[[projects]]
  digest = "1:b0fe84bcee1d0c3579d855029ccd3a76deea187412da2976985e4946289dbb2c"
  name = "github.com/NYTimes/gziphandler"
  packages = ["."]
  pruneopts = ""
  revision = "2600fb119af974220d3916a5916d6e31176aac1b"
  version = "v1.0.1"

[[projects]]
  branch = "master"
  digest = "1:1399282ad03ac819f0e8a747c888407c5c98bb497d33821a7047c7bae667ede0"
  name = "github.com/alecthomas/template"
  packages = [
    ".",
    "parse",
  ]
  pruneopts = ""
  revision = "a0175ee3bccc567396460bf5acd36800cb10c49c"

[[projects]]
  branch = "master"
  digest = "1:8483994d21404c8a1d489f6be756e25bfccd3b45d65821f25695577791a08e68"
  name = "github.com/alecthomas/units"
  packages = ["."]
  pruneopts = ""
  revision = "2efee857e7cfd4f3d0138cc3cbb1b4966962b93a"

[[projects]]
  branch = "master"
  digest = "1:d64110a78451e373c5a952d2625323dbbe3bfe41c67f9652ea9668a6ceb4f645"
  name = "github.com/armon/go-metrics"
  packages = [
    ".",
    "prometheus",
  ]
  pruneopts = ""
  revision = "3c58d8115a78a6879e5df75ae900846768d36895"

[[projects]]
  branch = "master"
  digest = "1:fca298802a2ab834d6eb0e284788ae037ebc324c0f325ff92c5eea592d189cc5"
  name = "github.com/beorn7/perks"
  packages = ["quantile"]
  pruneopts = ""
  revision = "3a771d992973f24aa725d07868b467d1ddfceafb"

[[projects]]
  digest = "1:1660bb2e30cca08494f29b5593e387c6090fbe8936970ba947185b0ca000aec0"
  name = "github.com/cespare/xxhash"
  packages = ["."]
  pruneopts = ""
  revision = "5c37fe3735342a2e0d01c87a907579987c8936cc"
  version = "v1.0.0"

[[projects]]
  branch = "master"
  digest = "1:c367c68b4bf22ef91069ae442422025da1a3a57049b370252a7b4a895c3fdd6b"
  name = "github.com/dustin/go-humanize"
  packages = ["."]
  pruneopts = ""
  revision = "9f541cc9db5d55bce703bd99987c9d5cb8eea45e"

[[projects]]
  digest = "1:f7ad09e1bd153d7de18080ccd5e7bef5ebdba9403aa3cde487f0daf7ef67820d"
  name = "github.com/fatih/structtag"
  packages = ["."]
  pruneopts = ""
  revision = "76ae1d6d2117609598c7d4e8f3e938145f204e8f"
  version = "v1.0.0"

[[projects]]
  digest = "1:e5c807ac3b60699ccec9263f6eec756251b17e78582eb149f90ac345d9e58327"
  name = "github.com/fortytw2/leaktest"
  packages = ["."]
  pruneopts = ""
  revision = "a5ef70473c97b71626b9abeda80ee92ba2a7de9e"
  version = "v1.2.0"

[[projects]]
  digest = "1:b2106f1668ea5efc1ecc480f7e922a093adb9563fd9ce58585292871f0d0f229"
  name = "github.com/fsnotify/fsnotify"
  packages = ["."]
  pruneopts = ""
  revision = "c2828203cd70a50dcccfb2761f8b1f8ceef9a8e9"
  version = "v1.4.7"

[[projects]]
  digest = "1:4d5221853226d8d4be594d52d885ddde38170d2e3159b82ed92ecde4dded2304"
  name = "github.com/go-ini/ini"
  packages = ["."]
  pruneopts = ""
  revision = "5cf292cae48347c2490ac1a58fe36735fb78df7e"
  version = "v1.38.2"

[[projects]]
  digest = "1:8bde347c11c0df9cb474b5927a7cdab415adb841247e5e8404adbd12249efb22"
  name = "github.com/go-kit/kit"
  packages = [
    "log",
    "log/level",
  ]
  pruneopts = ""
  revision = "4dc7be5d2d12881735283bcab7352178e190fc71"
  version = "v0.6.0"

[[projects]]
  digest = "1:6a4a01d58b227c4b6b11111b9f172ec5c17682b82724e58e6daf3f19f4faccd8"
  name = "github.com/go-logfmt/logfmt"
  packages = ["."]
  pruneopts = ""
  revision = "390ab7935ee28ec6b286364bba9b4dd6410cb3d5"
  version = "v0.3.0"

[[projects]]
  digest = "1:a01080d20c45c031c13f3828c56e58f4f51d926a482ad10cc0316225097eb7ea"
  name = "github.com/go-stack/stack"
  packages = ["."]
  pruneopts = ""
  revision = "2fee6af1a9795aafbe0253a0cfbdf668e1fb8a9a"
  version = "v1.8.0"

[[projects]]
  digest = "1:673df1d02ca0c6f51458fe94bbb6fae0b05e54084a31db2288f1c4321255c2da"
  name = "github.com/gogo/protobuf"
  packages = [
    "gogoproto",
    "proto",
    "protoc-gen-gogo/descriptor",
  ]
  pruneopts = ""
  revision = "636bf0302bc95575d69441b25a2603156ffdddf1"
  version = "v1.1.1"

[[projects]]
  digest = "1:815d45503dceeca8ffecce0081d7edeae5e75b126107ef763d1c617154d72359"
  name = "github.com/golang/protobuf"
  packages = [
    "proto",
    "protoc-gen-go/descriptor",
    "ptypes",
    "ptypes/any",
    "ptypes/duration",
    "ptypes/empty",
    "ptypes/timestamp",
  ]
  pruneopts = ""
  revision = "aa810b61a9c79d51363740d207bb46cf8e620ed5"
  version = "v1.2.0"

[[projects]]
  branch = "master"
  digest = "1:075128b9fc42e6d99067da1a2e6c0a634a6043b5a60abe6909c51f5ecad37b6d"
  name = "github.com/golang/snappy"
  packages = ["."]
  pruneopts = ""
  revision = "2e65f85255dbc3072edf28d6b5b8efc472979f5a"

[[projects]]
  digest = "1:e097a364f4e8d8d91b9b9eeafb992d3796a41fde3eb548c1a87eb9d9f60725cf"
  name = "github.com/googleapis/gax-go"
  packages = ["."]
  pruneopts = ""
  revision = "317e0006254c44a0ac427cc52a0e083ff0b9622f"
  version = "v2.0.0"

[[projects]]
  digest = "1:e9aa4d37933cdd1978d83938e8af418c02b4c183e1d6c936efd00ce1628fadb7"
  name = "github.com/gophercloud/gophercloud"
  packages = [
    ".",
    "openstack",
    "openstack/identity/v2/tenants",
    "openstack/identity/v2/tokens",
    "openstack/identity/v3/tokens",
    "openstack/objectstorage/v1/accounts",
    "openstack/objectstorage/v1/containers",
    "openstack/objectstorage/v1/objects",
    "openstack/utils",
    "pagination",
  ]
  pruneopts = ""
  revision = "0719c6b22f30132b0ae6c90b038e0d50992107b0"

[[projects]]
  digest = "1:0bf81a189b23434fc792317c9276abfe7aee4eb3f85d3c3659a2e0f21acafe97"
  name = "github.com/grpc-ecosystem/go-grpc-middleware"
  packages = [
    ".",
    "recovery",
    "tags",
    "tracing/opentracing",
    "util/metautils",
  ]
  pruneopts = ""
  revision = "c250d6563d4d4c20252cd865923440e829844f4e"
  version = "v1.0.0"

[[projects]]
  branch = "master"
  digest = "1:ab673e7646a69f9f295248d41b54641b66644d92eb3b863dfd56fae2a2a55de6"
  name = "github.com/grpc-ecosystem/go-grpc-prometheus"
  packages = ["."]
  pruneopts = ""
  revision = "93bf4626fba73b751b0f3cdf2649be4ce0c420cd"

[[projects]]
  digest = "1:8e3bd93036b4a925fe2250d3e4f38f21cadb8ef623561cd80c3c50c114b13201"
  name = "github.com/hashicorp/errwrap"
  packages = ["."]
  pruneopts = ""
  revision = "8a6fb523712970c966eefc6b39ed2c5e74880354"
  version = "v1.0.0"

[[projects]]
  digest = "1:c5466dfad4c14bf8e52a34b0eb98f1301acc1e304e0f0ff2c51c356ca1b86747"
  name = "github.com/hashicorp/go-immutable-radix"
  packages = ["."]
  pruneopts = ""
  revision = "27df80928bb34bb1b0d6d0e01b9e679902e7a6b5"
  version = "v1.0.0"

[[projects]]
  branch = "master"
  digest = "1:6a611e691e739173805cb54019b5c39bb9d46455526dff31e0e6fe3aaca52776"
  name = "github.com/hashicorp/go-msgpack"
  packages = ["codec"]
  pruneopts = ""
  revision = "fa3f63826f7c23912c15263591e65d54d080b458"

[[projects]]
  digest = "1:72308fdd6d5ef61106a95be7ca72349a5565809042b6426a3cfb61d99483b824"
  name = "github.com/hashicorp/go-multierror"
  packages = ["."]
  pruneopts = ""
  revision = "886a7fbe3eb1c874d46f623bfa70af45f425b3d1"
  version = "v1.0.0"

[[projects]]
  branch = "master"
  digest = "1:74f54e6ef2339f1de1e8c4b6674442118bd89e619b2fbd949ef2337330067994"
  name = "github.com/hashicorp/go-sockaddr"
  packages = ["."]
  pruneopts = ""
  revision = "6d291a969b86c4b633730bfc6b8b9d64c3aafed9"

[[projects]]
  digest = "1:3313a63031ae281e5f6fd7b0bbca733dfa04d2429df86519e3b4d4c016ccb836"
  name = "github.com/hashicorp/golang-lru"
  packages = ["simplelru"]
  pruneopts = ""
  revision = "20f1fb78b0740ba8c3cb143a61e86ba5c8669768"
  version = "v0.5.0"

[[projects]]
  digest = "1:d7ce65372f495908f80fc1f80f4dab5d763d9a1de544abd95aa719e4262d0dd5"
  name = "github.com/hashicorp/memberlist"
  packages = ["."]
  pruneopts = ""
  revision = "ce8abaa0c60c2d6bee7219f5ddf500e0a1457b28"
  version = "v0.1.0"

[[projects]]
  digest = "1:3c818dada3e41bdb0f509f78e6775610f1bb179449ec8c4c86a45fae35460f3f"
  name = "github.com/julienschmidt/httprouter"
  packages = ["."]
  pruneopts = ""
  revision = "8c199fb6259ffc1af525cc3ad52ee60ba8359669"
  version = "v1.1"

[[projects]]
  branch = "master"
  digest = "1:1ed9eeebdf24aadfbca57eb50e6455bd1d2474525e0f0d4454de8c8e9bc7ee9a"
  name = "github.com/kr/logfmt"
  packages = ["."]
  pruneopts = ""
  revision = "b84e30acd515aadc4b783ad4ff83aff3299bdfe0"

[[projects]]
  digest = "1:b7a85bb1d9cf6e6cf5f2a2b69808ad5bece173e390dcf857786a4804606d7e7e"
  name = "github.com/lovoo/gcloud-opentracing"
  packages = ["."]
  pruneopts = ""
  revision = "9a3ba70d6a016bafc680df855bd7ed25b81fad5f"
  version = "v0.3.0"

[[projects]]
  digest = "1:49a8b01a6cd6558d504b65608214ca40a78000e1b343ed0da5c6a9ccd83d6d30"
  name = "github.com/matttproud/golang_protobuf_extensions"
  packages = ["pbutil"]
  pruneopts = ""
  revision = "c12348ce28de40eed0136aa2b644d0ee0650e56c"
  version = "v1.0.1"

[[projects]]
  digest = "1:f0bad0fece0fb73c6ea249c18d8e80ffbe86be0457715b04463068f04686cf39"
  name = "github.com/miekg/dns"
  packages = ["."]
  pruneopts = ""
  revision = "5a2b9fab83ff0f8bfc99684bd5f43a37abe560f1"
  version = "v1.0.8"

[[projects]]
  digest = "1:a513d21165a0cc81a2e443ba65f992bd1b0a5b2f0c0fe27a58642d915557f966"
  name = "github.com/minio/minio-go"
  packages = [
    ".",
    "pkg/credentials",
    "pkg/encrypt",
    "pkg/s3signer",
    "pkg/s3utils",
    "pkg/set",
  ]
  pruneopts = ""
  revision = "70799fe8dae6ecfb6c7d7e9e048fce27f23a1992"
  version = "v6.0.5"

[[projects]]
  digest = "1:096a8a9182648da3d00ff243b88407838902b6703fc12657f76890e08d1899bf"
  name = "github.com/mitchellh/go-homedir"
  packages = ["."]
  pruneopts = ""
  revision = "ae18d6b8b3205b561c79e8e5f69bff09736185f4"
  version = "v1.0.0"

[[projects]]
  branch = "master"
  digest = "1:3adc46876d4d0e4d5bbcfcc44c2116b95d7a5c966e2ee92a219488547fd453f2"
  name = "github.com/nightlyone/lockfile"
  packages = ["."]
  pruneopts = ""
  revision = "0ad87eef1443f64d3d8c50da647e2b1552851124"

[[projects]]
  digest = "1:94e9081cc450d2cdf4e6886fc2c06c07272f86477df2d74ee5931951fa3d2577"
  name = "github.com/oklog/run"
  packages = ["."]
  pruneopts = ""
  revision = "4dadeb3030eda0273a12382bb2348ffc7c9d1a39"
  version = "v1.0.0"

[[projects]]
  digest = "1:ef57aecdf87b09455aeab4413d7e2cd15a0021fddfaa654ffb74cf266068788b"
  name = "github.com/oklog/ulid"
  packages = ["."]
  pruneopts = ""
  revision = "d311cb43c92434ec4072dfbbda3400741d0a6337"
  version = "v0.3.0"

[[projects]]
  digest = "1:171ac7b583c9e4f28dfd3c310fdef0802a9db6afa066ab71e2134ff2cfb646d7"
  name = "github.com/opentracing/basictracer-go"
  packages = [
    ".",
    "wire",
  ]
  pruneopts = ""
  revision = "1b32af207119a14b1b231d451df3ed04a72efebf"
  version = "v1.0.0"

[[projects]]
  digest = "1:bba12aa4747b212f75db3e7fee73fe1b66d303cb3ff0c1984b7f2ad20e8bd2bc"
  name = "github.com/opentracing/opentracing-go"
  packages = [
    ".",
    "ext",
    "log",
  ]
  pruneopts = ""
  revision = "1949ddbfd147afd4d964a9f00b24eb291e0e7c38"
  version = "v1.0.2"

[[projects]]
  digest = "1:7365acd48986e205ccb8652cc746f09c8b7876030d53710ea6ef7d0bd0dcd7ca"
  name = "github.com/pkg/errors"
  packages = ["."]
  pruneopts = ""
  revision = "645ef00459ed84a119197bfb8d8205042c6df63d"
  version = "v0.8.0"

[[projects]]
  digest = "1:6b845cb63c34fc6ed0f4eb2d5ff1f5834c76f133c17b680fc36ad7c5021a8011"
  name = "github.com/prometheus/client_golang"
  packages = [
    "prometheus",
    "prometheus/internal",
    "prometheus/promhttp",
  ]
  pruneopts = ""
  revision = "e637cec7d9c8990247098639ebc6d43dd34ddd49"

[[projects]]
  branch = "master"
  digest = "1:562d53e436b244a9bb5c1ff43bcaf4882e007575d34ec37717b15751c65cc63a"
  name = "github.com/prometheus/client_model"
  packages = ["go"]
  pruneopts = ""
  revision = "5c3871d89910bfb32f5fcab2aa4b9ec68e65a99f"

[[projects]]
  branch = "master"
  digest = "1:8a871dca636f82a927daffe10e9866fee6aa97a215905d56e97ecc73c07d5d44"
  name = "github.com/prometheus/common"
  packages = [
    "expfmt",
    "internal/bitbucket.org/ww/goautoneg",
    "model",
    "route",
    "version",
  ]
  pruneopts = ""
  revision = "c7de2306084e37d54b8be01f3541a8464345e9a5"

[[projects]]
  branch = "master"
  digest = "1:7f298639cea3d8fe88aeefe6a7af1d642bca295cd125e172d320f57064c956c2"
  name = "github.com/prometheus/procfs"
  packages = [
    ".",
    "internal/util",
    "nfs",
    "xfs",
  ]
  pruneopts = ""
  revision = "05ee40e3a273f7245e8777337fc7b46e533a9a92"

[[projects]]
  digest = "1:b5ff9852eabe841003da4b0a4b742a2878c722dda6481003432344f633a814fc"
  name = "github.com/prometheus/prometheus"
  packages = [
    "discovery/file",
    "discovery/targetgroup",
    "pkg/labels",
    "pkg/rulefmt",
    "pkg/textparse",
    "pkg/timestamp",
    "pkg/value",
    "promql",
    "rules",
    "storage",
    "storage/tsdb",
    "template",
    "util/stats",
    "util/strutil",
    "util/testutil",
  ]
  pruneopts = ""
  revision = "71af5e29e815795e9dd14742ee7725682fa14b7b"
  version = "v2.3.2"

[[projects]]
  digest = "1:216dcf26fbfb3f36f286ca3306882a157c51648e4b5d4f3a9e9c719faea6ea58"
  name = "github.com/prometheus/tsdb"
  packages = [
    ".",
    "chunkenc",
    "chunks",
    "fileutil",
    "index",
    "labels",
  ]
  pruneopts = ""
  revision = "bd832fc8274e8fe63999ac749daaaff9d881241f"

[[projects]]
  branch = "master"
  digest = "1:6ee36f2cea425916d81fdaaf983469fc18f91b3cf090cfe90fa0a9d85b8bfab7"
  name = "github.com/sean-/seed"
  packages = ["."]
  pruneopts = ""
  revision = "e2103e2c35297fb7e17febb81e49b312087a2372"

[[projects]]
  digest = "1:2c38661f5fb038bfb95197e0e5bc7a8f050d1f992c5ddaa01945e58fe2ef00de"
  name = "github.com/sirupsen/logrus"
  packages = ["."]
  pruneopts = ""
  revision = "3e01752db0189b9157070a0e1668a620f9a85da2"
  version = "v1.0.6"

[[projects]]
  digest = "1:081bd218a5f06b96c08d91530c185dd1b579584be4c96ea70a17438e44fd59d0"
  name = "go.opencensus.io"
  packages = [
    ".",
    "internal",
    "internal/tagencoding",
    "plugin/ocgrpc",
    "plugin/ochttp",
    "plugin/ochttp/propagation/b3",
    "stats",
    "stats/internal",
    "stats/view",
    "tag",
    "trace",
    "trace/internal",
    "trace/propagation",
  ]
  pruneopts = ""
  revision = "7b558058b7cc960667590e5413ef55157b06652e"
  version = "v0.15.0"

[[projects]]
  branch = "master"
  digest = "1:16db3d6f4f8bbe4b7b42cb8808e68457fea4bd7aea410b77c8c9a6dc26253a60"
  name = "golang.org/x/crypto"
  packages = [
    "argon2",
    "blake2b",
    "ed25519",
    "ed25519/internal/edwards25519",
    "ssh/terminal",
  ]
  pruneopts = ""
  revision = "0709b304e793a5edb4a2c0145f281ecdc20838a4"

[[projects]]
  branch = "master"
  digest = "1:6a5a7b24df8b4d0263fb5d02ad2ddac16c73745fae60a56f4230175bf7162be5"
  name = "golang.org/x/net"
  packages = [
    "bpf",
    "context",
    "context/ctxhttp",
    "http/httpguts",
    "http2",
    "http2/hpack",
    "idna",
    "internal/iana",
    "internal/socket",
    "internal/timeseries",
    "ipv4",
    "ipv6",
    "trace",
  ]
  pruneopts = ""
  revision = "8a410e7b638dca158bf9e766925842f6651ff828"

[[projects]]
  branch = "master"
  digest = "1:ae181e046572bff397421c415715120190004207493745fec4b385925dc13f6d"
  name = "golang.org/x/oauth2"
  packages = [
    ".",
    "google",
    "internal",
    "jws",
    "jwt",
  ]
  pruneopts = ""
  revision = "d2e6202438beef2727060aa7cabdd924d92ebfd9"

[[projects]]
  branch = "master"
  digest = "1:d84d0f563cc649de4c9a8272a0395f75b11952202d18d4d927e933cc91493062"
  name = "golang.org/x/sync"
  packages = [
    "errgroup",
    "semaphore",
  ]
  pruneopts = ""
  revision = "1d60e4601c6fd243af51cc01ddf169918a5407ca"

[[projects]]
  branch = "master"
  digest = "1:54bad0d07b2d834122adaf5ecc35e4df006a4e0bb6114f2466b73e2cc6f03583"
  name = "golang.org/x/sys"
  packages = [
    "cpu",
    "unix",
    "windows",
  ]
  pruneopts = ""
  revision = "ebe1bf3edb3325c393447059974de898d5133eb8"

[[projects]]
  digest = "1:af9bfca4298ef7502c52b1459df274eed401a4f5498b900e9a92d28d3d87ac5a"
  name = "golang.org/x/text"
  packages = [
    "collate",
    "collate/build",
    "internal/colltab",
    "internal/gen",
    "internal/tag",
    "internal/triegen",
    "internal/ucd",
    "language",
    "secure/bidirule",
    "transform",
    "unicode/bidi",
    "unicode/cldr",
    "unicode/norm",
    "unicode/rangetable",
  ]
  pruneopts = ""
  revision = "f21a4dfb5e38f5895301dc265a8def02365cc3d0"
  version = "v0.3.0"

[[projects]]
  branch = "master"
  digest = "1:7e248912e9ce5218a30a9fa1b4ed575e474430e178a24af34ecb2373dbb93752"
  name = "google.golang.org/api"
  packages = [
    "gensupport",
    "googleapi",
    "googleapi/internal/uritemplates",
    "googleapi/transport",
    "internal",
    "iterator",
    "option",
    "storage/v1",
    "support/bundler",
    "transport",
    "transport/grpc",
    "transport/http",
  ]
  pruneopts = ""
  revision = "0ad5a633fea1d4b64bf5e6a01e30d1fc466038e5"

[[projects]]
  digest = "1:eede11c81b63c8f6fd06ef24ba0a640dc077196ec9b7a58ecde03c82eee2f151"
  name = "google.golang.org/appengine"
  packages = [
    ".",
    "internal",
    "internal/app_identity",
    "internal/base",
    "internal/datastore",
    "internal/log",
    "internal/modules",
    "internal/remote_api",
    "internal/socket",
    "internal/urlfetch",
    "socket",
    "urlfetch",
  ]
  pruneopts = ""
  revision = "b1f26356af11148e710935ed1ac8a7f5702c7612"
  version = "v1.1.0"

[[projects]]
  branch = "master"
  digest = "1:7040eaf95eb09f6f69e1415074049a9a66236d59d8767f2d17b759b916f79fb1"
  name = "google.golang.org/genproto"
  packages = [
    "googleapis/api/annotations",
    "googleapis/devtools/cloudtrace/v1",
    "googleapis/iam/v1",
    "googleapis/rpc/status",
  ]
  pruneopts = ""
  revision = "11092d34479b07829b72e10713b159248caf5dad"

[[projects]]
  digest = "1:cb1330030248de97a11d9f9664f3944fce0df947e5ed94dbbd9cb6e77068bd46"
  name = "google.golang.org/grpc"
  packages = [
    ".",
    "balancer",
    "balancer/base",
    "balancer/roundrobin",
    "codes",
    "connectivity",
    "credentials",
    "credentials/oauth",
    "encoding",
    "encoding/proto",
    "grpclog",
    "internal",
    "internal/backoff",
    "internal/channelz",
    "internal/envconfig",
    "internal/grpcrand",
    "internal/transport",
    "keepalive",
    "metadata",
    "naming",
    "peer",
    "resolver",
    "resolver/dns",
    "resolver/passthrough",
    "stats",
    "status",
    "tap",
  ]
  pruneopts = ""
  revision = "32fb0ac620c32ba40a4626ddf94d90d12cce3455"
  version = "v1.14.0"

[[projects]]
  digest = "1:2840683aa0e9980689f85bf48b2a56ec7a108fd089f12af8ea7d98c172819589"
  name = "gopkg.in/alecthomas/kingpin.v2"
  packages = ["."]
  pruneopts = ""
  revision = "947dcec5ba9c011838740e680966fd7087a71d0d"
  version = "v2.2.6"

[[projects]]
  digest = "1:b2106f1668ea5efc1ecc480f7e922a093adb9563fd9ce58585292871f0d0f229"
  name = "gopkg.in/fsnotify/fsnotify.v1"
  packages = ["."]
  pruneopts = ""
  revision = "c2828203cd70a50dcccfb2761f8b1f8ceef9a8e9"
  version = "v1.4.7"

[[projects]]
  branch = "v2"
  digest = "1:f0620375dd1f6251d9973b5f2596228cc8042e887cd7f827e4220bc1ce8c30e2"
  name = "gopkg.in/yaml.v2"
  packages = ["."]
  pruneopts = ""
  revision = "5420a8b6744d3b0345ab293f6fcba19c978f1183"

[solve-meta]
  analyzer-name = "dep"
  analyzer-version = 1
  input-imports = [
    "cloud.google.com/go/storage",
    "cloud.google.com/go/trace/apiv1",
    "github.com/Azure/azure-storage-blob-go/azblob",
    "github.com/NYTimes/gziphandler",
    "github.com/armon/go-metrics",
    "github.com/armon/go-metrics/prometheus",
    "github.com/fatih/structtag",
    "github.com/fortytw2/leaktest",
    "github.com/fsnotify/fsnotify",
    "github.com/go-kit/kit/log",
    "github.com/go-kit/kit/log/level",
    "github.com/gogo/protobuf/gogoproto",
    "github.com/gogo/protobuf/proto",
    "github.com/golang/snappy",
    "github.com/gophercloud/gophercloud",
    "github.com/gophercloud/gophercloud/openstack",
    "github.com/gophercloud/gophercloud/openstack/objectstorage/v1/containers",
    "github.com/gophercloud/gophercloud/openstack/objectstorage/v1/objects",
    "github.com/gophercloud/gophercloud/pagination",
    "github.com/grpc-ecosystem/go-grpc-middleware",
    "github.com/grpc-ecosystem/go-grpc-middleware/recovery",
    "github.com/grpc-ecosystem/go-grpc-middleware/tracing/opentracing",
    "github.com/grpc-ecosystem/go-grpc-prometheus",
    "github.com/hashicorp/go-sockaddr",
    "github.com/hashicorp/golang-lru/simplelru",
    "github.com/hashicorp/memberlist",
    "github.com/lovoo/gcloud-opentracing",
    "github.com/minio/minio-go",
    "github.com/minio/minio-go/pkg/credentials",
    "github.com/minio/minio-go/pkg/encrypt",
    "github.com/oklog/run",
    "github.com/oklog/ulid",
    "github.com/opentracing/basictracer-go",
    "github.com/opentracing/opentracing-go",
    "github.com/opentracing/opentracing-go/ext",
    "github.com/pkg/errors",
    "github.com/prometheus/client_golang/prometheus",
    "github.com/prometheus/client_golang/prometheus/promhttp",
    "github.com/prometheus/common/model",
    "github.com/prometheus/common/route",
    "github.com/prometheus/common/version",
    "github.com/prometheus/prometheus/discovery/file",
    "github.com/prometheus/prometheus/discovery/targetgroup",
    "github.com/prometheus/prometheus/pkg/labels",
    "github.com/prometheus/prometheus/pkg/timestamp",
    "github.com/prometheus/prometheus/pkg/value",
    "github.com/prometheus/prometheus/promql",
    "github.com/prometheus/prometheus/rules",
    "github.com/prometheus/prometheus/storage",
    "github.com/prometheus/prometheus/storage/tsdb",
    "github.com/prometheus/prometheus/util/strutil",
    "github.com/prometheus/tsdb",
    "github.com/prometheus/tsdb/chunkenc",
    "github.com/prometheus/tsdb/chunks",
    "github.com/prometheus/tsdb/fileutil",
    "github.com/prometheus/tsdb/index",
    "github.com/prometheus/tsdb/labels",
    "golang.org/x/net/context",
    "golang.org/x/sync/errgroup",
    "google.golang.org/api/iterator",
    "google.golang.org/api/option",
    "google.golang.org/grpc",
    "google.golang.org/grpc/codes",
    "google.golang.org/grpc/credentials",
    "google.golang.org/grpc/status",
    "gopkg.in/alecthomas/kingpin.v2",
    "gopkg.in/yaml.v2",
  ]
  solver-name = "gps-cdcl"
  solver-version = 1
