{
    "version": 3,
    "terraform_version": "0.10.6",
    "serial": 29,
    "lineage": "1823bff7-c5c2-4009-8457-2ecfde543e83",
    "modules": [
        {
            "path": [
                "root"
            ],
            "outputs": {},
            "resources": {
                "data.google_compute_default_service_account.default": {
                    "type": "google_compute_default_service_account",
                    "depends_on": [],
                    "primary": {
                        "id": "628229956511-compute@developer.gserviceaccount.com",
                        "attributes": {
                            "email": "628229956511-compute@developer.gserviceaccount.com",
                            "id": "628229956511-compute@developer.gserviceaccount.com",
                            "project": "winged-bliss-204215"
                        },
                        "meta": {},
                        "tainted": false
                    },
                    "deposed": [],
                    "provider": ""
                },
                "google_container_cluster.cluster": {
                    "type": "google_container_cluster",
                    "depends_on": [],
                    "primary": {
                        "id": "thanos-loadtest",
                        "attributes": {
                            "additional_zones.#": "0",
                            "addons_config.#": "1",
                            "addons_config.0.horizontal_pod_autoscaling.#": "0",
                            "addons_config.0.http_load_balancing.#": "0",
                            "addons_config.0.kubernetes_dashboard.#": "0",
                            "addons_config.0.network_policy_config.#": "1",
                            "addons_config.0.network_policy_config.0.disabled": "true",
                            "cluster_ipv4_cidr": "10.40.0.0/14",
                            "description": "",
                            "enable_kubernetes_alpha": "false",
                            "enable_legacy_abac": "false",
                            "endpoint": "35.205.115.38",
                            "id": "thanos-loadtest",
                            "initial_node_count": "1",
                            "instance_group_urls.#": "1",
                            "instance_group_urls.0": "https://www.googleapis.com/compute/v1/projects/winged-bliss-204215/zones/europe-west1-b/instanceGroups/gke-thanos-loadtest-default-pool-42674977-grp",
                            "ip_allocation_policy.#": "0",
                            "logging_service": "logging.googleapis.com",
                            "maintenance_policy.#": "0",
                            "master_auth.#": "1",
                            "master_auth.0.client_certificate": "LS0tLS1CRUdJTiBDRVJUSUZJQ0FURS0tLS0tCk1JSUMyakNDQWNLZ0F3SUJBZ0lRUmh3aVpncjd6SFQrME9TcE45bEtkREFOQmdrcWhraUc5dzBCQVFzRkFEQXYKTVMwd0t3WURWUVFERXlRNE0yUXlZVFkzTmkwM05XTXpMVFJsWmpNdE9HVmtOUzAzT1ROaFpHTTVaRGszWXpjdwpIaGNOTVRnd056QTVNVFUxTlRJeFdoY05Nak13TnpBNE1UVTFOVEl4V2pBUk1ROHdEUVlEVlFRREV3WmpiR2xsCmJuUXdnZ0VpTUEwR0NTcUdTSWIzRFFFQkFRVUFBNElCRHdBd2dnRUtBb0lCQVFDejYrS3gyYmVwWkFBakxPTEsKWlVoQmpycWN6WDl3WlgwNy80dDlQUk1tREFTdkJsOERjc05HUkJZRlcrOXJxRHJIcHN0NkNJQWh1S0xkdVEzNQpEaDZwbDh5bkJKa1UxT0FvaG1VeDhjYzZrWExVb20wSFFZUGdpelBJZ0ZTZFlMK3dlb3VKR3J0SExlVSsyaWNGCk9ESHAyeXczTi9PNmFIYlVMOUExd2Y2Z2JZeXdDdWFTRitFZUVJU1F2ZHhpRnpsOTk4bUl4dnJGODhuWHNyTGUKdU9rVUxoM1dGOW13d1dKUXMxZWo2Tk5JQzBpNkhha01ZWUF4RU1lWHlMblgzSlhUNHpuUGMrSVh0MWh3bWR2aApGUzBicWpGRGthVXcrSDJxSkMrRHVuTXpQVk1mUDZLTmIwayswUUZmeE8wSENQUStheW5XTzFnVDcrTUpoTHpWClFaai9BZ01CQUFHakVEQU9NQXdHQTFVZEV3RUIvd1FDTUFBd0RRWUpLb1pJaHZjTkFRRUxCUUFEZ2dFQkFCQ1QKNlRGWWNCRDIyZ2dIOTgwb3gyc1JyOXB1bEZ6dm83Z05nSjNLZ0F3V2FscUtXbC9JQkZSQmtNREdycG53cU5jQQpuN2dVRnpSeDRPZUtPeVJ4aHBkNGFNcjkvZzRReTNvSVRnOGt0bTRreHZBUkVjclB3NlNaMWo0QnR6ZERvWWppCmpXZVkzZVB5V29BeHZsdm4vL2owTzZsOHlVNTM4TTJKaUhsQTFYdVJnZFZ6dm9NUGwvc3FLTU1Ybm5pUUJkQUoKWVFJUy9CL0VUTWlMUzY4TENSeE1hWVdyR05abjFBQkRzTDJoOEhvZHFncFFabFdlc285TEdndEQyNWJ1bEJhQQozSzFLaXNNcjNieW1HUTdHS25CcVlhOGN1eWdYNmViSHdMekxPOFRZWmUvMGtraXQvazJEc3dvYUdvbHRlSm9uCnZIbFZkamVncmxadXhFMDQwcDA9Ci0tLS0tRU5EIENFUlRJRklDQVRFLS0tLS0K",
                            "master_auth.0.client_certificate_config.#": "0",
                            "master_auth.0.client_key": "LS0tLS1CRUdJTiBSU0EgUFJJVkFURSBLRVktLS0tLQpNSUlFb3dJQkFBS0NBUUVBcyt2aXNkbTNxV1FBSXl6aXltVklRWTY2bk0xL2NHVjlPLytMZlQwVEpnd0Vyd1pmCkEzTERSa1FXQlZ2dmE2ZzZ4NmJMZWdpQUliaWkzYmtOK1E0ZXFaZk1wd1NaRk5UZ0tJWmxNZkhIT3BGeTFLSnQKQjBHRDRJc3p5SUJVbldDL3NIcUxpUnE3UnkzbFB0b25CVGd4NmRzc056Znp1bWgyMUMvUU5jSCtvRzJNc0FybQpraGZoSGhDRWtMM2NZaGM1ZmZmSmlNYjZ4ZlBKMTdLeTNyanBGQzRkMWhmWnNNRmlVTE5YbytqVFNBdEl1aDJwCkRHR0FNUkRIbDhpNTE5eVYwK001ejNQaUY3ZFljSm5iNFJVdEc2b3hRNUdsTVBoOXFpUXZnN3B6TXoxVEh6K2kKalc5SlB0RUJYOFR0QndqMFBtc3AxanRZRSsvakNZUzgxVUdZL3dJREFRQUJBb0lCQUFLVkxYL0x2cWRyM2lybgpYU1ZsTzBVelByNVU0dGlhT3NIUzVTdWNDQ0huVVlkY01zRERqV2hqcE5GcDRFVVFNSVo4VFNucVpIUzkzWGpwCnpBbkk2RFFiWEtMZ014OEZaaEd2Nis1c2dndmRlK2Z2MU5MbWVWdjlrNDlKYkUrb2tNZmVNRlg4ZUwrdklEV08KRUhYTUZtbDRyY3NLbURWZjZyZXljUEdyaXMwMS9nN1ExQUJWQ1pCdzRoaW9BeGFZamJ4TmFoWnhaMTIrdCtTQQo4TlJVWHZwVEI0dElvcFJpQnhzNDlUd1Q4aDBhV1p6eFY1RnBuOVBjQVdWRFFJT0YxK0UzZnRQTk96ZGtkVUhHCjFJVll4aE9UVTh0VEhBSXBOOXF3RlArbDZwbEtCc0l3aERkbURnRXBHeXZFMWlMSHR3bCtCeW1iQ0tXTFR2d3gKdFNKY0Nva0NnWUVBL083REJGZnoydll3NHZTQkhSZzZEcDVaTjVhVVl1K29XYVhhTGRiSW9KLzJmVkQ1ZHpPdgpOQ2d3SlVuMUF3cmxvYUIxNTRTa3NVVURLUDB5L1VvUEphWC9SSE5xNkdYemJlYWFEUWNrTTMySjdBVzdLSGRlCmYrYXc0MXM5UWs4eEVPbWoyQlBIQTZxL1NmN2ZXSUE0V3VTRVRjMDU4eVhRdVhKenFGTWN0aGtDZ1lFQXRocDEKTkhhS1htamcrMU42eHpJbyt1M2JFdVdBUjhzMG5ZMEdDNDVyWU5ydVU3QXpZbFJYaVlOTkNlTDh6Z0RZcnlncAprQWorOHdsZzZ3OUdSbmhzK0xQeFdsRDJScUpNTyszb0VpUzRqdjlSRWM1YjVkeUxHaXZIb1hXSDMxcUExdDlhCmtsTHhWYkZXVVdDTTBxbzJjc05HakhWbWV5c1NBSWtuaGF4Yk90Y0NnWUF3YjNCODluTEdMWHJ6R3l0V2JQdEIKTFdXY1ZZT1k1cGZ3Z3VnaSt3eDBaZTJIMWVmUHdkLzlOdXp4VnhaS1BOMzRjNGZnaS9BVjJrZGVwQTRObnc4RApnS1EvY1hLNWlqeHhnVVZpMVVsRGF2anNiN1NGYlVaMWE3SFg5L0xsTGRFUmtneEVKcFZueUZ6VlNLOXdmUzFOCmlwRWpiUGQ1N25YbjdWamtsUFhja1FLQmdDRWZEdEpML1Q3T3RKMEJ3Z01aREhzWGFCRTN6TzFCK0gvdmRub0QKbldRd2JjaXE4NjJleVkwcFpJbTN6Mk5vcEFDM3ZWZUZTMW5KQ3VlMkQ0SWh4VEEzQ2w3eSt0ZytETCtadGV3Vwo0YnFnbFk0M2lsOTBqWmhrL2hwUDFqYTVyMVZscW9PU3NuSnpucytPVUE3QkJzWTQza3dOem1YNG4zMlpkS2JMCmdveGhBb0dCQUlUTHJ0S1lEK3grNms3bnM3OC90SFRtUEMvQ1d6NHZ4bkwrSVpBVzJhQ1VLWkJPbjJIalBwdy8KMm5pc25uaURRRkEzbkloUWI3KzJXQkpNMXY4S1piakhMWlBWVksrd3BWeVBqTDU2Z0JNQ3lES2JySmlVRVl5YQozK2xBTC9uaC9ZZVRhQVVTKzIxdmdHUFROM1Q5bUZ0QkM0aTduSkJ4VFo3SzlwZUdXWEgzCi0tLS0tRU5EIFJTQSBQUklWQVRFIEtFWS0tLS0tCg==",
                            "master_auth.0.cluster_ca_certificate": "LS0tLS1CRUdJTiBDRVJUSUZJQ0FURS0tLS0tCk1JSURERENDQWZTZ0F3SUJBZ0lSQU9NZnprSmNsdVJ1U2xTQ3dOeGhxaXN3RFFZSktvWklodmNOQVFFTEJRQXcKTHpFdE1Dc0dBMVVFQXhNa09ETmtNbUUyTnpZdE56VmpNeTAwWldZekxUaGxaRFV0TnprellXUmpPV1E1TjJNMwpNQjRYRFRFNE1EY3dPVEUwTlRVeU1Wb1hEVEl6TURjd09ERTFOVFV5TVZvd0x6RXRNQ3NHQTFVRUF4TWtPRE5rCk1tRTJOell0TnpWak15MDBaV1l6TFRobFpEVXROemt6WVdSak9XUTVOMk0zTUlJQklqQU5CZ2txaGtpRzl3MEIKQVFFRkFBT0NBUThBTUlJQkNnS0NBUUVBc2xuQjNHaEtQZ0c2K1hwZ3Zrem5EUnowYmp1Uk9XTkhSV0QxZVZRTgp0UGs3Mnd6NXdaTXZ5eXQ4V25TbHpoYUJYeEZid3VvZWxLZHphaGdnelFZTmlIRFl2Y29OVDRzZE4vSGIxdUhvCnJCZ2RmREhBR2JRSmx6Ly9ZdlJyeHBWUmVsemNiOHo3Vm1mZjdoU0VoaHMwT3BkYVlJMXZXbVNvQWc2S3d6anIKbk9wUzI5UlBkWGdMT1krODZDMnVNVCttS0hHb05OZTNSVDBFc1NSVStwVmdLc3FNWXNyYW5BZFJyUUdpaEl3VgppbHdzaE5qOVpaZVZYODBxS1Y1T3R6eFE2Wld4UlBYa2FkUENTNkVDTGxKTnVIOFpBWVFKTytTWi9SdFF5TEhyCnVzYnZTTjZRZU9wNytTeWc0TGR6ZnR4bWVVNi9nbFYzZ2hheERDVnBXcTVnMFFJREFRQUJveU13SVRBT0JnTlYKSFE4QkFmOEVCQU1DQWdRd0R3WURWUjBUQVFIL0JBVXdBd0VCL3pBTkJna3Foa2lHOXcwQkFRc0ZBQU9DQVFFQQpSM1pCTlpYMFVoSkIvRUU4Q09LVGlyWStObGgwVkhZZ3ZjSzdxVmVBdnRNejN0cFBLeTdEU1F5WnhQNkpzU3BMClFwRTgveVhtdTlUMmlTcUUvUU9Ta0J4UDdtTVAwM3plRW5pN2FQOXNKeThGMFFia1ZETW9CUHRaMU9ERjcvNHUKUTlMTWEvR0Rrd25PanNFL0o3MWVxUldYL0Y2MkhHeFFuOE9STTY4YWFoeDdjdlRKZUkzbDVaRG1IZ3VmdmVoUwpZU1dib0lMQ0FNNlRIZnhNODZOMzArN0doNlN4U0trYUZnSENESGZTNm9EdWN6SjlWMDU2M2E0dXlPWXcrNVp0CjIydXFGOVlxU1RZS1hWdm41RXl2L2RSWmcydTh0Q1M1cklCMVFOaUJMQi9IVW1YZWVFV1BWeWFyZTV6TjlaUWwKcG1VM3Zlc05ONnhwNHhERkd2cllXQT09Ci0tLS0tRU5EIENFUlRJRklDQVRFLS0tLS0K",
                            "master_auth.0.password": "qDhmFGgnwgozZ0Av",
                            "master_auth.0.username": "admin",
                            "master_authorized_networks_config.#": "0",
                            "master_ipv4_cidr_block": "",
                            "master_version": "1.9.7-gke.3",
                            "min_master_version": "1.9.7-gke.3",
                            "monitoring_service": "monitoring.googleapis.com",
                            "name": "thanos-loadtest",
                            "network": "projects/winged-bliss-204215/global/networks/default",
                            "network_policy.#": "1",
                            "network_policy.0.enabled": "false",
                            "network_policy.0.provider": "PROVIDER_UNSPECIFIED",
                            "node_config.#": "1",
                            "node_config.0.disk_size_gb": "100",
                            "node_config.0.guest_accelerator.#": "0",
                            "node_config.0.image_type": "COS",
                            "node_config.0.labels.%": "0",
                            "node_config.0.local_ssd_count": "0",
                            "node_config.0.machine_type": "n1-standard-16",
                            "node_config.0.metadata.%": "0",
                            "node_config.0.min_cpu_platform": "",
                            "node_config.0.oauth_scopes.#": "3",
                            "node_config.0.oauth_scopes.1277378754": "https://www.googleapis.com/auth/monitoring",
                            "node_config.0.oauth_scopes.1328717722": "https://www.googleapis.com/auth/devstorage.read_write",
                            "node_config.0.oauth_scopes.172152165": "https://www.googleapis.com/auth/logging.write",
                            "node_config.0.preemptible": "false",
                            "node_config.0.service_account": "default",
                            "node_config.0.tags.#": "0",
                            "node_config.0.taint.#": "0",
                            "node_config.0.workload_metadata_config.#": "0",
                            "node_pool.#": "1",
                            "node_pool.0.autoscaling.#": "0",
                            "node_pool.0.initial_node_count": "1",
                            "node_pool.0.instance_group_urls.#": "1",
                            "node_pool.0.instance_group_urls.0": "https://www.googleapis.com/compute/v1/projects/winged-bliss-204215/zones/europe-west1-b/instanceGroupManagers/gke-thanos-loadtest-default-pool-42674977-grp",
                            "node_pool.0.management.#": "1",
                            "node_pool.0.management.0.auto_repair": "false",
                            "node_pool.0.management.0.auto_upgrade": "false",
                            "node_pool.0.name": "default-pool",
                            "node_pool.0.name_prefix": "",
                            "node_pool.0.node_config.#": "1",
                            "node_pool.0.node_config.0.disk_size_gb": "100",
                            "node_pool.0.node_config.0.guest_accelerator.#": "0",
                            "node_pool.0.node_config.0.image_type": "COS",
                            "node_pool.0.node_config.0.labels.%": "0",
                            "node_pool.0.node_config.0.local_ssd_count": "0",
                            "node_pool.0.node_config.0.machine_type": "n1-standard-16",
                            "node_pool.0.node_config.0.metadata.%": "0",
                            "node_pool.0.node_config.0.min_cpu_platform": "",
                            "node_pool.0.node_config.0.oauth_scopes.#": "3",
                            "node_pool.0.node_config.0.oauth_scopes.1277378754": "https://www.googleapis.com/auth/monitoring",
                            "node_pool.0.node_config.0.oauth_scopes.1328717722": "https://www.googleapis.com/auth/devstorage.read_write",
                            "node_pool.0.node_config.0.oauth_scopes.172152165": "https://www.googleapis.com/auth/logging.write",
                            "node_pool.0.node_config.0.preemptible": "false",
                            "node_pool.0.node_config.0.service_account": "default",
                            "node_pool.0.node_config.0.tags.#": "0",
                            "node_pool.0.node_config.0.taint.#": "0",
                            "node_pool.0.node_config.0.workload_metadata_config.#": "0",
                            "node_pool.0.node_count": "1",
                            "node_pool.0.version": "1.9.7-gke.3",
                            "node_version": "1.9.7-gke.3",
                            "pod_security_policy_config.#": "0",
                            "private_cluster": "false",
                            "project": "winged-bliss-204215",
                            "subnetwork": "projects/winged-bliss-204215/regions/europe-west1/subnetworks/default",
                            "zone": "europe-west1-b"
                        },
                        "meta": {
                            "e2bfb730-ecaa-11e6-8f88-34363bc7c4c0": {
                                "create": 1800000000000,
                                "delete": 600000000000,
                                "update": 600000000000
                            },
                            "schema_version": "1"
                        },
                        "tainted": false
                    },
                    "deposed": [],
                    "provider": ""
                },
                "google_storage_bucket.bucket": {
                    "type": "google_storage_bucket",
                    "depends_on": [],
                    "primary": {
                        "id": "thanos-loadtest",
                        "attributes": {
                            "cors.#": "0",
                            "force_destroy": "true",
                            "id": "thanos-loadtest",
                            "labels.%": "0",
                            "lifecycle_rule.#": "0",
                            "location": "EU",
                            "logging.#": "0",
                            "name": "thanos-loadtest",
                            "project": "winged-bliss-204215",
                            "self_link": "https://www.googleapis.com/storage/v1/b/thanos-loadtest",
                            "storage_class": "STANDARD",
                            "url": "gs://thanos-loadtest",
                            "versioning.#": "0"
                        },
                        "meta": {},
                        "tainted": false
                    },
                    "deposed": [],
                    "provider": ""
                },
                "google_storage_bucket_iam_member.default": {
                    "type": "google_storage_bucket_iam_member",
                    "depends_on": [
                        "data.google_compute_default_service_account.default"
                    ],
                    "primary": {
                        "id": "thanos-loadtest/roles/storage.admin/serviceAccount:628229956511-compute@developer.gserviceaccount.com",
                        "attributes": {
                            "bucket": "thanos-loadtest",
                            "etag": "CAI=",
                            "id": "thanos-loadtest/roles/storage.admin/serviceAccount:628229956511-compute@developer.gserviceaccount.com",
                            "member": "serviceAccount:628229956511-compute@developer.gserviceaccount.com",
                            "role": "roles/storage.admin"
                        },
                        "meta": {},
                        "tainted": false
                    },
                    "deposed": [],
                    "provider": ""
                }
            },
            "depends_on": []
        }
    ]
}
